# collide-hook builds this plugin runs, pinned by scripts/pin.sh. Any download
# whose SHA-256 differs is refused. Updates after install are signed by Collide.
version 68
aarch64-apple-darwin 16d08b4a0cef6fdf8ff086b0de6637ef54334afa32b72bed1609be7220ba9d45
aarch64-unknown-linux-gnu 3288b40ee334805003c83d74c121f7b2fb9994ead066c04dfe8effec1f85e2a9
x86_64-apple-darwin 35b7bfe7bc62dce45b9ae80c896d4c0e2c349a70a0e2f252392d6882dbd84709
x86_64-pc-windows-msvc 9ee12472d6ca4c7accf5c0060114d77cfc0a23c4ece0b0e22417841adf3c1847
x86_64-unknown-linux-gnu e889fb0ea148be84abddfcb43a4828c19f6aa8a278e276785877ee55ec22fb97
