# collide-hook builds this plugin runs, pinned by scripts/pin.sh. Any download
# whose SHA-256 differs is refused. Updates after install are signed by Collide.
version 56
aarch64-apple-darwin d0265d7f9166dce92addade190f50c906bc9e7dd6c324c3ba79a91e9a21a85f5
aarch64-unknown-linux-gnu 118090aa97e9817ce77adf33b590930502f180b60645a8e782a97f8e5bd84e20
x86_64-apple-darwin 40b92021fb7dac23b5fc64b5f355f44f093305a6af11df8138df548032f28c84
x86_64-pc-windows-msvc 28714e72ff0f363077060016f57823b4804b38b3ada40d7d2119199b0a8e832d
x86_64-unknown-linux-gnu 7163f0fff6769c21b434c7a072e4e56b944c8f6047b5d5b6cbb13a1823b9dcd6
